
Microsoft Visual Studio Solution File, Format Version 12.00
# Visual Studio Version 17
VisualStudioVersion = 17.10.34916.146
MinimumVisualStudioVersion = 10.0.40219.1
Project("{FAE04EC0-301F-11D3-BF4B-00C04F79EFBC}") = "TestingApp", "TestingApp.csproj", "{5A489171-66F8-4E1F-A0A1-09E731F4FD5B}"
EndProject
Global
	GlobalSection(SolutionConfigurationPlatforms) = preSolution
		Debug|Any CPU = Debug|Any CPU
		Release|Any CPU = Release|Any CPU
	EndGlobalSection
	GlobalSection(ProjectConfigurationPlatforms) = postSolution
		{5A489171-66F8-4E1F-A0A1-09E731F4FD5B}.Debug|Any CPU.ActiveCfg = Debug|Any CPU
		{5A489171-66F8-4E1F-A0A1-09E731F4FD5B}.Debug|Any CPU.Build.0 = Debug|Any CPU
		{5A489171-66F8-4E1F-A0A1-09E731F4FD5B}.Release|Any CPU.ActiveCfg = Release|Any CPU
		{5A489171-66F8-4E1F-A0A1-09E731F4FD5B}.Release|Any CPU.Build.0 = Release|Any CPU
	EndGlobalSection
	GlobalSection(SolutionProperties) = preSolution
		HideSolutionNode = FALSE
	EndGlobalSection
	GlobalSection(ExtensibilityGlobals) = postSolution
		SolutionGuid = {759B0A5E-6377-450B-98D5-DCEC600B0C20}
	EndGlobalSection
EndGlobal
